
Microsoft Visual Studio Solution File, Format Version 12.00
# Visual Studio 15
VisualStudioVersion = 15.0.28307.902
MinimumVisualStudioVersion = 10.0.40219.1
Project("{8BC9CEB8-8B4A-11D0-8D11-00A0C91BC942}") = "ArquiSoftSolidLabo2", "ArquiSoftSolidLabo2\ArquiSoftSolidLabo2.vcxproj", "{8E3746F5-6DB5-412B-A045-73EDC6F43CDA}"
EndProject
Global
	GlobalSection(SolutionConfigurationPlatforms) = preSolution
		Debug|x64 = Debug|x64
		Debug|x86 = Debug|x86
		Release|x64 = Release|x64
		Release|x86 = Release|x86
	EndGlobalSection
	GlobalSection(ProjectConfigurationPlatforms) = postSolution
		{8E3746F5-6DB5-412B-A045-73EDC6F43CDA}.Debug|x64.ActiveCfg = Debug|x64
		{8E3746F5-6DB5-412B-A045-73EDC6F43CDA}.Debug|x64.Build.0 = Debug|x64
		{8E3746F5-6DB5-412B-A045-73EDC6F43CDA}.Debug|x86.ActiveCfg = Debug|Win32
		{8E3746F5-6DB5-412B-A045-73EDC6F43CDA}.Debug|x86.Build.0 = Debug|Win32
		{8E3746F5-6DB5-412B-A045-73EDC6F43CDA}.Release|x64.ActiveCfg = Release|x64
		{8E3746F5-6DB5-412B-A045-73EDC6F43CDA}.Release|x64.Build.0 = Release|x64
		{8E3746F5-6DB5-412B-A045-73EDC6F43CDA}.Release|x86.ActiveCfg = Release|Win32
		{8E3746F5-6DB5-412B-A045-73EDC6F43CDA}.Release|x86.Build.0 = Release|Win32
	EndGlobalSection
	GlobalSection(SolutionProperties) = preSolution
		HideSolutionNode = FALSE
	EndGlobalSection
	GlobalSection(ExtensibilityGlobals) = postSolution
		SolutionGuid = {308774F7-A44E-4B60-B8F4-58DB549C815A}
	EndGlobalSection
EndGlobal
